
Microsoft Visual Studio Solution File, Format Version 12.00
# Visual Studio Version 17
VisualStudioVersion = 17.7.34031.279
MinimumVisualStudioVersion = 10.0.40219.1
Project("{FAE04EC0-301F-11D3-BF4B-00C04F79EFBC}") = "EMolod_Advance_HomeWork_6.1", "EMolod_Advance_HomeWork_6.1\EMolod_Advance_HomeWork_6.1.csproj", "{BBDCE8EF-E1EC-4FB8-AD1E-9393656B01CA}"
EndProject
Global
	GlobalSection(SolutionConfigurationPlatforms) = preSolution
		Debug|Any CPU = Debug|Any CPU
		Release|Any CPU = Release|Any CPU
	EndGlobalSection
	GlobalSection(ProjectConfigurationPlatforms) = postSolution
		{BBDCE8EF-E1EC-4FB8-AD1E-9393656B01CA}.Debug|Any CPU.ActiveCfg = Debug|Any CPU
		{BBDCE8EF-E1EC-4FB8-AD1E-9393656B01CA}.Debug|Any CPU.Build.0 = Debug|Any CPU
		{BBDCE8EF-E1EC-4FB8-AD1E-9393656B01CA}.Release|Any CPU.ActiveCfg = Release|Any CPU
		{BBDCE8EF-E1EC-4FB8-AD1E-9393656B01CA}.Release|Any CPU.Build.0 = Release|Any CPU
	EndGlobalSection
	GlobalSection(SolutionProperties) = preSolution
		HideSolutionNode = FALSE
	EndGlobalSection
	GlobalSection(ExtensibilityGlobals) = postSolution
		SolutionGuid = {0A20A265-E47D-477E-B948-081149773CA9}
	EndGlobalSection
EndGlobal
